
Microsoft Visual Studio Solution File, Format Version 12.00
# Visual Studio 2012
Project("{FAE04EC0-301F-11D3-BF4B-00C04F79EFBC}") = "SalesforceMobileSDK.iOS", "SalesforceMobileSDK.iOS\SalesforceMobileSDK.iOS.csproj", "{8498A53B-032C-441A-9C38-67554C91CEBE}"
EndProject
Project("{FAE04EC0-301F-11D3-BF4B-00C04F79EFBC}") = "SalesforceMobileSDK.Droid", "SalesforceMobileSDK.Droid\SalesforceMobileSDK.Droid.csproj", "{1E6E881B-C6A9-423F-92FF-708E953D972E}"
EndProject
Global
	GlobalSection(SolutionConfigurationPlatforms) = preSolution
		Debug|Any CPU = Debug|Any CPU
		Release|Any CPU = Release|Any CPU
	EndGlobalSection
	GlobalSection(ProjectConfigurationPlatforms) = postSolution
		{8498A53B-032C-441A-9C38-67554C91CEBE}.Debug|Any CPU.ActiveCfg = Debug|Any CPU
		{8498A53B-032C-441A-9C38-67554C91CEBE}.Debug|Any CPU.Build.0 = Debug|Any CPU
		{8498A53B-032C-441A-9C38-67554C91CEBE}.Release|Any CPU.ActiveCfg = Release|Any CPU
		{8498A53B-032C-441A-9C38-67554C91CEBE}.Release|Any CPU.Build.0 = Release|Any CPU
		{1E6E881B-C6A9-423F-92FF-708E953D972E}.Debug|Any CPU.ActiveCfg = Debug|Any CPU
		{1E6E881B-C6A9-423F-92FF-708E953D972E}.Debug|Any CPU.Build.0 = Debug|Any CPU
		{1E6E881B-C6A9-423F-92FF-708E953D972E}.Release|Any CPU.ActiveCfg = Release|Any CPU
		{1E6E881B-C6A9-423F-92FF-708E953D972E}.Release|Any CPU.Build.0 = Release|Any CPU
	EndGlobalSection
EndGlobal
